
Microsoft Visual Studio Solution File, Format Version 12.00
# Visual Studio Version 17
VisualStudioVersion = 17.5.33414.496
MinimumVisualStudioVersion = 10.0.40219.1
Project("{9A19103F-16F7-4668-BE54-9A1E7A4F7556}") = "Flyingdarts.Backend.User.Profile.Update", "Flyingdarts.Backend.User.Profile.Update.csproj", "{F6CC9B7D-718D-496C-B308-F327A567F418}"
EndProject
Global
	GlobalSection(SolutionConfigurationPlatforms) = preSolution
		Debug|Any CPU = Debug|Any CPU
		Release|Any CPU = Release|Any CPU
	EndGlobalSection
	GlobalSection(ProjectConfigurationPlatforms) = postSolution
		{F6CC9B7D-718D-496C-B308-F327A567F418}.Debug|Any CPU.ActiveCfg = Debug|Any CPU
		{F6CC9B7D-718D-496C-B308-F327A567F418}.Debug|Any CPU.Build.0 = Debug|Any CPU
		{F6CC9B7D-718D-496C-B308-F327A567F418}.Release|Any CPU.ActiveCfg = Release|Any CPU
		{F6CC9B7D-718D-496C-B308-F327A567F418}.Release|Any CPU.Build.0 = Release|Any CPU
	EndGlobalSection
	GlobalSection(SolutionProperties) = preSolution
		HideSolutionNode = FALSE
	EndGlobalSection
	GlobalSection(ExtensibilityGlobals) = postSolution
		SolutionGuid = {B6F92280-8939-4573-AB90-D84B60698107}
	EndGlobalSection
EndGlobal
